
Microsoft Visual Studio Solution File, Format Version 12.00
Project("{FAE04EC0-301F-11D3-BF4B-00C04F79EFBC}") = "aprovados", "aprovados\aprovados.csproj", "{A2FE887B-36B0-4791-BB72-AC3CE5604BAE}"
EndProject
Global
	GlobalSection(SolutionConfigurationPlatforms) = preSolution
		Debug|Any CPU = Debug|Any CPU
		Release|Any CPU = Release|Any CPU
	EndGlobalSection
	GlobalSection(ProjectConfigurationPlatforms) = postSolution
		{A2FE887B-36B0-4791-BB72-AC3CE5604BAE}.Debug|Any CPU.ActiveCfg = Debug|Any CPU
		{A2FE887B-36B0-4791-BB72-AC3CE5604BAE}.Debug|Any CPU.Build.0 = Debug|Any CPU
		{A2FE887B-36B0-4791-BB72-AC3CE5604BAE}.Release|Any CPU.ActiveCfg = Release|Any CPU
		{A2FE887B-36B0-4791-BB72-AC3CE5604BAE}.Release|Any CPU.Build.0 = Release|Any CPU
	EndGlobalSection
EndGlobal
