
Microsoft Visual Studio Solution File, Format Version 12.00
Project("{FAE04EC0-301F-11D3-BF4B-00C04F79EFBC}") = "negativos", "negativos\negativos.csproj", "{7E5E935E-51C9-4252-A091-47CCBF26B7EB}"
EndProject
Global
	GlobalSection(SolutionConfigurationPlatforms) = preSolution
		Debug|Any CPU = Debug|Any CPU
		Release|Any CPU = Release|Any CPU
	EndGlobalSection
	GlobalSection(ProjectConfigurationPlatforms) = postSolution
		{7E5E935E-51C9-4252-A091-47CCBF26B7EB}.Debug|Any CPU.ActiveCfg = Debug|Any CPU
		{7E5E935E-51C9-4252-A091-47CCBF26B7EB}.Debug|Any CPU.Build.0 = Debug|Any CPU
		{7E5E935E-51C9-4252-A091-47CCBF26B7EB}.Release|Any CPU.ActiveCfg = Release|Any CPU
		{7E5E935E-51C9-4252-A091-47CCBF26B7EB}.Release|Any CPU.Build.0 = Release|Any CPU
	EndGlobalSection
EndGlobal
