
Microsoft Visual Studio Solution File, Format Version 12.00
# Visual Studio Version 16
VisualStudioVersion = 16.0.32126.315
MinimumVisualStudioVersion = 10.0.40219.1
Project("{FAE04EC0-301F-11D3-BF4B-00C04F79EFBC}") = "diagonal-negativos", "diagonal-negativos\diagonal-negativos.csproj", "{256C0820-1459-4979-AAE9-2B7FF340598B}"
EndProject
Global
	GlobalSection(SolutionConfigurationPlatforms) = preSolution
		Debug|Any CPU = Debug|Any CPU
		Release|Any CPU = Release|Any CPU
	EndGlobalSection
	GlobalSection(ProjectConfigurationPlatforms) = postSolution
		{256C0820-1459-4979-AAE9-2B7FF340598B}.Debug|Any CPU.ActiveCfg = Debug|Any CPU
		{256C0820-1459-4979-AAE9-2B7FF340598B}.Debug|Any CPU.Build.0 = Debug|Any CPU
		{256C0820-1459-4979-AAE9-2B7FF340598B}.Release|Any CPU.ActiveCfg = Release|Any CPU
		{256C0820-1459-4979-AAE9-2B7FF340598B}.Release|Any CPU.Build.0 = Release|Any CPU
	EndGlobalSection
	GlobalSection(SolutionProperties) = preSolution
		HideSolutionNode = FALSE
	EndGlobalSection
	GlobalSection(ExtensibilityGlobals) = postSolution
		SolutionGuid = {E298F4BD-D17C-44BE-B68F-C28E1FEA7A2E}
	EndGlobalSection
EndGlobal
