
Microsoft Visual Studio Solution File, Format Version 12.00
Project("{FAE04EC0-301F-11D3-BF4B-00C04F79EFBC}") = "abaixo-da-media", "abaixo-da-media\abaixo-da-media.csproj", "{7F125C8A-DC19-40AE-98B6-01C5745D808D}"
EndProject
Global
	GlobalSection(SolutionConfigurationPlatforms) = preSolution
		Debug|Any CPU = Debug|Any CPU
		Release|Any CPU = Release|Any CPU
	EndGlobalSection
	GlobalSection(ProjectConfigurationPlatforms) = postSolution
		{7F125C8A-DC19-40AE-98B6-01C5745D808D}.Debug|Any CPU.ActiveCfg = Debug|Any CPU
		{7F125C8A-DC19-40AE-98B6-01C5745D808D}.Debug|Any CPU.Build.0 = Debug|Any CPU
		{7F125C8A-DC19-40AE-98B6-01C5745D808D}.Release|Any CPU.ActiveCfg = Release|Any CPU
		{7F125C8A-DC19-40AE-98B6-01C5745D808D}.Release|Any CPU.Build.0 = Release|Any CPU
	EndGlobalSection
EndGlobal
