
Microsoft Visual Studio Solution File, Format Version 12.00
Project("{FAE04EC0-301F-11D3-BF4B-00C04F79EFBC}") = "quadrante", "quadrante\quadrante.csproj", "{9AEB4F0A-9CF5-43D5-8807-504A7B80FB08}"
EndProject
Global
	GlobalSection(SolutionConfigurationPlatforms) = preSolution
		Debug|Any CPU = Debug|Any CPU
		Release|Any CPU = Release|Any CPU
	EndGlobalSection
	GlobalSection(ProjectConfigurationPlatforms) = postSolution
		{9AEB4F0A-9CF5-43D5-8807-504A7B80FB08}.Debug|Any CPU.ActiveCfg = Debug|Any CPU
		{9AEB4F0A-9CF5-43D5-8807-504A7B80FB08}.Debug|Any CPU.Build.0 = Debug|Any CPU
		{9AEB4F0A-9CF5-43D5-8807-504A7B80FB08}.Release|Any CPU.ActiveCfg = Release|Any CPU
		{9AEB4F0A-9CF5-43D5-8807-504A7B80FB08}.Release|Any CPU.Build.0 = Release|Any CPU
	EndGlobalSection
EndGlobal
