
Microsoft Visual Studio Solution File, Format Version 12.00
Project("{FAE04EC0-301F-11D3-BF4B-00C04F79EFBC}") = "notas", "notas\notas.csproj", "{B881DE70-68C5-4A3F-8F6E-9B77A2888E06}"
EndProject
Global
	GlobalSection(SolutionConfigurationPlatforms) = preSolution
		Debug|Any CPU = Debug|Any CPU
		Release|Any CPU = Release|Any CPU
	EndGlobalSection
	GlobalSection(ProjectConfigurationPlatforms) = postSolution
		{B881DE70-68C5-4A3F-8F6E-9B77A2888E06}.Debug|Any CPU.ActiveCfg = Debug|Any CPU
		{B881DE70-68C5-4A3F-8F6E-9B77A2888E06}.Debug|Any CPU.Build.0 = Debug|Any CPU
		{B881DE70-68C5-4A3F-8F6E-9B77A2888E06}.Release|Any CPU.ActiveCfg = Release|Any CPU
		{B881DE70-68C5-4A3F-8F6E-9B77A2888E06}.Release|Any CPU.Build.0 = Release|Any CPU
	EndGlobalSection
EndGlobal
