
Microsoft Visual Studio Solution File, Format Version 12.00
# Visual Studio Version 17
VisualStudioVersion = 17.1.32210.238
MinimumVisualStudioVersion = 10.0.40219.1
Project("{FAE04EC0-301F-11D3-BF4B-00C04F79EFBC}") = "Primeiro", "Primeiro\Primeiro.csproj", "{A380F8CD-FA90-4A1E-A322-E25BB9845582}"
EndProject
Global
	GlobalSection(SolutionConfigurationPlatforms) = preSolution
		Debug|Any CPU = Debug|Any CPU
		Release|Any CPU = Release|Any CPU
	EndGlobalSection
	GlobalSection(ProjectConfigurationPlatforms) = postSolution
		{A380F8CD-FA90-4A1E-A322-E25BB9845582}.Debug|Any CPU.ActiveCfg = Debug|Any CPU
		{A380F8CD-FA90-4A1E-A322-E25BB9845582}.Debug|Any CPU.Build.0 = Debug|Any CPU
		{A380F8CD-FA90-4A1E-A322-E25BB9845582}.Release|Any CPU.ActiveCfg = Release|Any CPU
		{A380F8CD-FA90-4A1E-A322-E25BB9845582}.Release|Any CPU.Build.0 = Release|Any CPU
	EndGlobalSection
	GlobalSection(SolutionProperties) = preSolution
		HideSolutionNode = FALSE
	EndGlobalSection
	GlobalSection(ExtensibilityGlobals) = postSolution
		SolutionGuid = {177979AE-8AA1-40D0-8065-667D6E56FA3B}
	EndGlobalSection
EndGlobal
