
Microsoft Visual Studio Solution File, Format Version 12.00
Project("{FAE04EC0-301F-11D3-BF4B-00C04F79EFBC}") = "validacao-de-notas", "validacao-de-notas\validacao-de-notas.csproj", "{9641C786-5C51-439B-8E89-FB8603A9B4E8}"
EndProject
Global
	GlobalSection(SolutionConfigurationPlatforms) = preSolution
		Debug|Any CPU = Debug|Any CPU
		Release|Any CPU = Release|Any CPU
	EndGlobalSection
	GlobalSection(ProjectConfigurationPlatforms) = postSolution
		{9641C786-5C51-439B-8E89-FB8603A9B4E8}.Debug|Any CPU.ActiveCfg = Debug|Any CPU
		{9641C786-5C51-439B-8E89-FB8603A9B4E8}.Debug|Any CPU.Build.0 = Debug|Any CPU
		{9641C786-5C51-439B-8E89-FB8603A9B4E8}.Release|Any CPU.ActiveCfg = Release|Any CPU
		{9641C786-5C51-439B-8E89-FB8603A9B4E8}.Release|Any CPU.Build.0 = Release|Any CPU
	EndGlobalSection
EndGlobal
